
Microsoft Visual Studio Solution File, Format Version 12.00
# Visual Studio Version 17
VisualStudioVersion = 17.9.34728.123
MinimumVisualStudioVersion = 10.0.40219.1
Project("{FAE04EC0-301F-11D3-BF4B-00C04F79EFBC}") = "BibliotecaWeb", "BibliotecaWeb\BibliotecaWeb.csproj", "{D85C47EB-0699-403A-BCC5-B1DD7BE8BA61}"
EndProject
Project("{FAE04EC0-301F-11D3-BF4B-00C04F79EFBC}") = "CapaDatos", "CapaDatos\CapaDatos.csproj", "{1BDB2986-9286-4A9F-B2AA-05237E6BBC52}"
EndProject
Project("{FAE04EC0-301F-11D3-BF4B-00C04F79EFBC}") = "CapaModelo", "CapaModelo\CapaModelo.csproj", "{824D00AC-9765-4CE2-839C-65C103EB0A67}"
EndProject
Global
	GlobalSection(SolutionConfigurationPlatforms) = preSolution
		Debug|Any CPU = Debug|Any CPU
		Release|Any CPU = Release|Any CPU
	EndGlobalSection
	GlobalSection(ProjectConfigurationPlatforms) = postSolution
		{D85C47EB-0699-403A-BCC5-B1DD7BE8BA61}.Debug|Any CPU.ActiveCfg = Debug|Any CPU
		{D85C47EB-0699-403A-BCC5-B1DD7BE8BA61}.Debug|Any CPU.Build.0 = Debug|Any CPU
		{D85C47EB-0699-403A-BCC5-B1DD7BE8BA61}.Release|Any CPU.ActiveCfg = Release|Any CPU
		{D85C47EB-0699-403A-BCC5-B1DD7BE8BA61}.Release|Any CPU.Build.0 = Release|Any CPU
		{1BDB2986-9286-4A9F-B2AA-05237E6BBC52}.Debug|Any CPU.ActiveCfg = Debug|Any CPU
		{1BDB2986-9286-4A9F-B2AA-05237E6BBC52}.Debug|Any CPU.Build.0 = Debug|Any CPU
		{1BDB2986-9286-4A9F-B2AA-05237E6BBC52}.Release|Any CPU.ActiveCfg = Release|Any CPU
		{1BDB2986-9286-4A9F-B2AA-05237E6BBC52}.Release|Any CPU.Build.0 = Release|Any CPU
		{824D00AC-9765-4CE2-839C-65C103EB0A67}.Debug|Any CPU.ActiveCfg = Debug|Any CPU
		{824D00AC-9765-4CE2-839C-65C103EB0A67}.Debug|Any CPU.Build.0 = Debug|Any CPU
		{824D00AC-9765-4CE2-839C-65C103EB0A67}.Release|Any CPU.ActiveCfg = Release|Any CPU
		{824D00AC-9765-4CE2-839C-65C103EB0A67}.Release|Any CPU.Build.0 = Release|Any CPU
	EndGlobalSection
	GlobalSection(SolutionProperties) = preSolution
		HideSolutionNode = FALSE
	EndGlobalSection
	GlobalSection(ExtensibilityGlobals) = postSolution
		SolutionGuid = {5C9CB585-1C46-45B4-A0B9-EF1CB70F8A32}
	EndGlobalSection
EndGlobal
